{
    "_meta": {
        "hash": {
            "sha256": "9ecce0c3a722de7511cabbd8765828896b1f36eccdc29fc5238729533adee462"
        },
        "pipfile-spec": 6,
        "requires": {
            "python_version": "3.6"
        },
        "sources": [
            {
                "name": "pypi",
                "url": "https://pypi.org/simple",
                "verify_ssl": true
            }
        ]
    },
    "default": {
        "progressbar2": {
            "hashes": [
                "sha256:9ecb2d35edaa30ed86eb92fb0135eb19a6ef9b3657be4350cc3d0d3563e6af65",
                "sha256:c086fc1f718839c0ec95caaeb7bd5a1d0268a8775960b8f9dee06f2a04c84628"
            ],
            "index": "pypi",
            "version": "==3.42.0"
        },
        "python-utils": {
            "hashes": [
                "sha256:34aaf26b39b0b86628008f2ae0ac001b30e7986a8d303b61e1357dfcdad4f6d3",
                "sha256:e25f840564554eaded56eaa395bca507b0b9e9f0ae5ecb13a8cb785305c56d25"
            ],
            "version": "==2.3.0"
        },
        "six": {
            "hashes": [
                "sha256:3350809f0555b11f552448330d0b52d5f24c91a322ea4a15ef22629740f3761c",
                "sha256:d16a0141ec1a18405cd4ce8b4613101da75da0e9a7aec5bdd4fa804d0e0eba73"
            ],
            "version": "==1.12.0"
        }
    },
    "develop": {}
}
